// !$*UTF8*$!
{
	archiveVersion = 1;
	classes = {
	};
	objectVersion = 46;
	objects = {

/* Begin PBXBuildFile section */
		144FCAF01B2D5ABF006EFD13 /* ViewController.m in Sources */ = {isa = PBXBuildFile; fileRef = 144FCAEC1B2D5ABF006EFD13 /* ViewController.m */; };
		144FCAF11B2D5ABF006EFD13 /* AppDelegate.m in Sources */ = {isa = PBXBuildFile; fileRef = 144FCAEE1B2D5ABF006EFD13 /* AppDelegate.m */; };
		144FCAF41B2D5ACC006EFD13 /* ViewController.xib in Resources */ = {isa = PBXBuildFile; fileRef = 144FCAF21B2D5ACC006EFD13 /* ViewController.xib */; };
		144FCAF71B2D5AEB006EFD13 /* InfoPlist.strings in Resources */ = {isa = PBXBuildFile; fileRef = 144FCAF51B2D5AEB006EFD13 /* InfoPlist.strings */; };
		144FCAFC1B2D5AF8006EFD13 /* main.m in Sources */ = {isa = PBXBuildFile; fileRef = 144FCAF91B2D5AF8006EFD13 /* main.m */; };
		144FCAFE1B2D5AF8006EFD13 /* mtnn-Info.plist in Resources */ = {isa = PBXBuildFile; fileRef = 144FCAFB1B2D5AF8006EFD13 /* mtnn-Info.plist */; };
		144FCB041B2D5C03006EFD13 /* MtnnDataManager.m in Sources */ = {isa = PBXBuildFile; fileRef = 144FCB021B2D5C03006EFD13 /* MtnnDataManager.m */; };
		144FCB081B2D5E4A006EFD13 /* Document.xls in Resources */ = {isa = PBXBuildFile; fileRef = 144FCB071B2D5E4A006EFD13 /* Document.xls */; };
		144FCB0B1B2D6350006EFD13 /* MtnnItem.m in Sources */ = {isa = PBXBuildFile; fileRef = 144FCB0A1B2D6350006EFD13 /* MtnnItem.m */; };
		144FCB0E1B2D6BD4006EFD13 /* MtnnPageSheetStore.m in Sources */ = {isa = PBXBuildFile; fileRef = 144FCB0D1B2D6BD4006EFD13 /* MtnnPageSheetStore.m */; };
		144FCB121B2D8289006EFD13 /* UIBarButtonItem+CustomButton.m in Sources */ = {isa = PBXBuildFile; fileRef = 144FCB111B2D8289006EFD13 /* UIBarButtonItem+CustomButton.m */; };
		144FCB151B2D835F006EFD13 /* DataPickerView.m in Sources */ = {isa = PBXBuildFile; fileRef = 144FCB131B2D835F006EFD13 /* DataPickerView.m */; };
		144FCB191B2D8DAE006EFD13 /* QuartzCore.framework in Frameworks */ = {isa = PBXBuildFile; fileRef = 144FCB181B2D8DAE006EFD13 /* QuartzCore.framework */; };
		1473C9301B37E00900B1A1EB /* MtnnContentCell.m in Sources */ = {isa = PBXBuildFile; fileRef = 1473C92F1B37E00900B1A1EB /* MtnnContentCell.m */; };
		14804D351B38416600F42845 /* libiconv.dylib in Frameworks */ = {isa = PBXBuildFile; fileRef = DE9798CC14BC83C1006E5AC2 /* libiconv.dylib */; };
		14C741461B37BB06006A6B27 /* MtnnFilterView.m in Sources */ = {isa = PBXBuildFile; fileRef = 14C741451B37BB06006A6B27 /* MtnnFilterView.m */; };
		14C764791B3BDBF5000B1AE8 /* MtnnCoordinates.plist in Resources */ = {isa = PBXBuildFile; fileRef = 14C764781B3BDBF5000B1AE8 /* MtnnCoordinates.plist */; };
		14D8DC0B1B3C47CD005DA3F8 /* ItemGotList.plist in Resources */ = {isa = PBXBuildFile; fileRef = 14D8DC0A1B3C47CD005DA3F8 /* ItemGotList.plist */; };
		14D8DC0F1B3C4E84005DA3F8 /* MtnnDetailViewController.m in Sources */ = {isa = PBXBuildFile; fileRef = 14D8DC0E1B3C4E84005DA3F8 /* MtnnDetailViewController.m */; };
		14D8DC121B3C5165005DA3F8 /* MtnnGotStatusCell.m in Sources */ = {isa = PBXBuildFile; fileRef = 14D8DC111B3C5165005DA3F8 /* MtnnGotStatusCell.m */; };
		14DBF0791B4120AE008882FB /* Icon@2x.png in Resources */ = {isa = PBXBuildFile; fileRef = 14DBF0781B4120AE008882FB /* Icon@2x.png */; };
		3DA903DC179ABE8F006C2EF2 /* Default-568h@2x.png in Resources */ = {isa = PBXBuildFile; fileRef = 3DA903DB179ABE8F006C2EF2 /* Default-568h@2x.png */; };
		DE9798C814BC8349006E5AC2 /* libDHxlsReaderIOS.a in Frameworks */ = {isa = PBXBuildFile; fileRef = DEB78B9A14BC7D9700845894 /* libDHxlsReaderIOS.a */; };
		DEB78B7514BC7D4400845894 /* UIKit.framework in Frameworks */ = {isa = PBXBuildFile; fileRef = DEB78B7414BC7D4400845894 /* UIKit.framework */; };
		DEB78B7714BC7D4400845894 /* Foundation.framework in Frameworks */ = {isa = PBXBuildFile; fileRef = DEB78B7614BC7D4400845894 /* Foundation.framework */; };
		DEB78B7914BC7D4400845894 /* CoreGraphics.framework in Frameworks */ = {isa = PBXBuildFile; fileRef = DEB78B7814BC7D4400845894 /* CoreGraphics.framework */; };
		DEF79AD416E8E60F00E4B803 /* README.md in Resources */ = {isa = PBXBuildFile; fileRef = DEF79AD316E8E60F00E4B803 /* README.md */; };
/* End PBXBuildFile section */

/* Begin PBXContainerItemProxy section */
		3DA903E4179AC8B7006C2EF2 /* PBXContainerItemProxy */ = {
			isa = PBXContainerItemProxy;
			containerPortal = DEB78B9514BC7D9600845894 /* DHxlsReaderIOS.xcodeproj */;
			proxyType = 2;
			remoteGlobalIDString = 97BCBBE716DD4E9A00FF978C;
			remoteInfo = DHxlsReader;
		};
		DEB78B9914BC7D9700845894 /* PBXContainerItemProxy */ = {
			isa = PBXContainerItemProxy;
			containerPortal = DEB78B9514BC7D9600845894 /* DHxlsReaderIOS.xcodeproj */;
			proxyType = 2;
			remoteGlobalIDString = DEB78ABF14BB9ABF00845894;
			remoteInfo = DHxlsReaderIOS;
		};
		DEB78BA714BC7E8700845894 /* PBXContainerItemProxy */ = {
			isa = PBXContainerItemProxy;
			containerPortal = DEB78B9514BC7D9600845894 /* DHxlsReaderIOS.xcodeproj */;
			proxyType = 1;
			remoteGlobalIDString = DEB78ABE14BB9ABF00845894;
			remoteInfo = DHxlsReaderIOS;
		};
/* End PBXContainerItemProxy section */

/* Begin PBXCopyFilesBuildPhase section */
		DE9798C714BC800C006E5AC2 /* CopyFiles */ = {
			isa = PBXCopyFilesBuildPhase;
			buildActionMask = 2147483647;
			dstPath = "";
			dstSubfolderSpec = 7;
			files = (
			);
			runOnlyForDeploymentPostprocessing = 0;
		};
/* End PBXCopyFilesBuildPhase section */

/* Begin PBXFileReference section */
		144FCAEC1B2D5ABF006EFD13 /* ViewController.m */ = {isa = PBXFileReference; fileEncoding = 4; lastKnownFileType = sourcecode.c.objc; name = ViewController.m; path = mtnnxls/ViewController.m; sourceTree = SOURCE_ROOT; };
		144FCAED1B2D5ABF006EFD13 /* ViewController.h */ = {isa = PBXFileReference; fileEncoding = 4; lastKnownFileType = sourcecode.c.h; name = ViewController.h; path = mtnnxls/ViewController.h; sourceTree = SOURCE_ROOT; };
		144FCAEE1B2D5ABF006EFD13 /* AppDelegate.m */ = {isa = PBXFileReference; fileEncoding = 4; lastKnownFileType = sourcecode.c.objc; name = AppDelegate.m; path = mtnnxls/AppDelegate.m; sourceTree = SOURCE_ROOT; };
		144FCAEF1B2D5ABF006EFD13 /* AppDelegate.h */ = {isa = PBXFileReference; fileEncoding = 4; lastKnownFileType = sourcecode.c.h; name = AppDelegate.h; path = mtnnxls/AppDelegate.h; sourceTree = SOURCE_ROOT; };
		144FCAF31B2D5ACC006EFD13 /* en */ = {isa = PBXFileReference; lastKnownFileType = file.xib; name = en; path = mtnnxls/en.lproj/ViewController.xib; sourceTree = SOURCE_ROOT; };
		144FCAF61B2D5AEB006EFD13 /* en */ = {isa = PBXFileReference; lastKnownFileType = text.plist.strings; name = en; path = mtnnxls/en.lproj/InfoPlist.strings; sourceTree = SOURCE_ROOT; };
		144FCAF81B2D5AF8006EFD13 /* mtnn-Prefix.pch */ = {isa = PBXFileReference; fileEncoding = 4; lastKnownFileType = sourcecode.c.h; name = "mtnn-Prefix.pch"; path = "mtnnxls/mtnn-Prefix.pch"; sourceTree = SOURCE_ROOT; };
		144FCAF91B2D5AF8006EFD13 /* main.m */ = {isa = PBXFileReference; fileEncoding = 4; lastKnownFileType = sourcecode.c.objc; name = main.m; path = mtnnxls/main.m; sourceTree = SOURCE_ROOT; };
		144FCAFB1B2D5AF8006EFD13 /* mtnn-Info.plist */ = {isa = PBXFileReference; fileEncoding = 4; lastKnownFileType = text.plist.xml; name = "mtnn-Info.plist"; path = "mtnnxls/mtnn-Info.plist"; sourceTree = SOURCE_ROOT; };
		144FCB021B2D5C03006EFD13 /* MtnnDataManager.m */ = {isa = PBXFileReference; fileEncoding = 4; lastKnownFileType = sourcecode.c.objc; name = MtnnDataManager.m; path = Classes/Model/MtnnDataManager.m; sourceTree = "<group>"; };
		144FCB031B2D5C03006EFD13 /* MtnnDataManager.h */ = {isa = PBXFileReference; fileEncoding = 4; lastKnownFileType = sourcecode.c.h; name = MtnnDataManager.h; path = Classes/Model/MtnnDataManager.h; sourceTree = "<group>"; };
		144FCB071B2D5E4A006EFD13 /* Document.xls */ = {isa = PBXFileReference; lastKnownFileType = file; path = Document.xls; sourceTree = "<group>"; };
		144FCB091B2D6350006EFD13 /* MtnnItem.h */ = {isa = PBXFileReference; fileEncoding = 4; lastKnownFileType = sourcecode.c.h; name = MtnnItem.h; path = Classes/Model/MtnnItem.h; sourceTree = "<group>"; };
		144FCB0A1B2D6350006EFD13 /* MtnnItem.m */ = {isa = PBXFileReference; fileEncoding = 4; lastKnownFileType = sourcecode.c.objc; name = MtnnItem.m; path = Classes/Model/MtnnItem.m; sourceTree = "<group>"; };
		144FCB0C1B2D6BD4006EFD13 /* MtnnPageSheetStore.h */ = {isa = PBXFileReference; fileEncoding = 4; lastKnownFileType = sourcecode.c.h; name = MtnnPageSheetStore.h; path = Classes/Model/MtnnPageSheetStore.h; sourceTree = "<group>"; };
		144FCB0D1B2D6BD4006EFD13 /* MtnnPageSheetStore.m */ = {isa = PBXFileReference; fileEncoding = 4; lastKnownFileType = sourcecode.c.objc; name = MtnnPageSheetStore.m; path = Classes/Model/MtnnPageSheetStore.m; sourceTree = "<group>"; };
		144FCB101B2D8289006EFD13 /* UIBarButtonItem+CustomButton.h */ = {isa = PBXFileReference; fileEncoding = 4; lastKnownFileType = sourcecode.c.h; name = "UIBarButtonItem+CustomButton.h"; path = "Classes/CustomSystemUI/UIBarButtonItem+CustomButton.h"; sourceTree = "<group>"; };
		144FCB111B2D8289006EFD13 /* UIBarButtonItem+CustomButton.m */ = {isa = PBXFileReference; fileEncoding = 4; lastKnownFileType = sourcecode.c.objc; name = "UIBarButtonItem+CustomButton.m"; path = "Classes/CustomSystemUI/UIBarButtonItem+CustomButton.m"; sourceTree = "<group>"; };
		144FCB131B2D835F006EFD13 /* DataPickerView.m */ = {isa = PBXFileReference; fileEncoding = 4; lastKnownFileType = sourcecode.c.objc; name = DataPickerView.m; path = Classes/CustomSystemUI/DataPickerView.m; sourceTree = "<group>"; };
		144FCB141B2D835F006EFD13 /* DataPickerView.h */ = {isa = PBXFileReference; fileEncoding = 4; lastKnownFileType = sourcecode.c.h; name = DataPickerView.h; path = Classes/CustomSystemUI/DataPickerView.h; sourceTree = "<group>"; };
		144FCB161B2D8428006EFD13 /* DataPickerDataSource.h */ = {isa = PBXFileReference; fileEncoding = 4; lastKnownFileType = sourcecode.c.h; name = DataPickerDataSource.h; path = Classes/CustomSystemUI/DataPickerDataSource.h; sourceTree = "<group>"; };
		144FCB171B2D8429006EFD13 /* DataPickerDelegate.h */ = {isa = PBXFileReference; fileEncoding = 4; lastKnownFileType = sourcecode.c.h; name = DataPickerDelegate.h; path = Classes/CustomSystemUI/DataPickerDelegate.h; sourceTree = "<group>"; };
		144FCB181B2D8DAE006EFD13 /* QuartzCore.framework */ = {isa = PBXFileReference; lastKnownFileType = wrapper.framework; name = QuartzCore.framework; path = System/Library/Frameworks/QuartzCore.framework; sourceTree = SDKROOT; };
		1473C92E1B37E00900B1A1EB /* MtnnContentCell.h */ = {isa = PBXFileReference; fileEncoding = 4; lastKnownFileType = sourcecode.c.h; name = MtnnContentCell.h; path = Classes/View/MtnnContentCell.h; sourceTree = "<group>"; };
		1473C92F1B37E00900B1A1EB /* MtnnContentCell.m */ = {isa = PBXFileReference; fileEncoding = 4; lastKnownFileType = sourcecode.c.objc; name = MtnnContentCell.m; path = Classes/View/MtnnContentCell.m; sourceTree = "<group>"; };
		14C17A5A1B38406F0004AB64 /* libiconv.tbd */ = {isa = PBXFileReference; lastKnownFileType = text; name = libiconv.tbd; path = usr/lib/libiconv.tbd; sourceTree = SDKROOT; };
		14C741441B37BB06006A6B27 /* MtnnFilterView.h */ = {isa = PBXFileReference; fileEncoding = 4; lastKnownFileType = sourcecode.c.h; name = MtnnFilterView.h; path = Classes/View/MtnnFilterView.h; sourceTree = "<group>"; };
		14C741451B37BB06006A6B27 /* MtnnFilterView.m */ = {isa = PBXFileReference; fileEncoding = 4; lastKnownFileType = sourcecode.c.objc; name = MtnnFilterView.m; path = Classes/View/MtnnFilterView.m; sourceTree = "<group>"; };
		14C764781B3BDBF5000B1AE8 /* MtnnCoordinates.plist */ = {isa = PBXFileReference; fileEncoding = 4; lastKnownFileType = text.plist.xml; path = MtnnCoordinates.plist; sourceTree = "<group>"; };
		14D8DC0A1B3C47CD005DA3F8 /* ItemGotList.plist */ = {isa = PBXFileReference; fileEncoding = 4; lastKnownFileType = text.plist.xml; path = ItemGotList.plist; sourceTree = "<group>"; };
		14D8DC0D1B3C4E84005DA3F8 /* MtnnDetailViewController.h */ = {isa = PBXFileReference; fileEncoding = 4; lastKnownFileType = sourcecode.c.h; name = MtnnDetailViewController.h; path = Classes/MtnnDetailViewController.h; sourceTree = "<group>"; };
		14D8DC0E1B3C4E84005DA3F8 /* MtnnDetailViewController.m */ = {isa = PBXFileReference; fileEncoding = 4; lastKnownFileType = sourcecode.c.objc; name = MtnnDetailViewController.m; path = Classes/MtnnDetailViewController.m; sourceTree = "<group>"; };
		14D8DC101B3C5165005DA3F8 /* MtnnGotStatusCell.h */ = {isa = PBXFileReference; fileEncoding = 4; lastKnownFileType = sourcecode.c.h; name = MtnnGotStatusCell.h; path = Classes/View/MtnnGotStatusCell.h; sourceTree = "<group>"; };
		14D8DC111B3C5165005DA3F8 /* MtnnGotStatusCell.m */ = {isa = PBXFileReference; fileEncoding = 4; lastKnownFileType = sourcecode.c.objc; name = MtnnGotStatusCell.m; path = Classes/View/MtnnGotStatusCell.m; sourceTree = "<group>"; };
		14DBF0781B4120AE008882FB /* Icon@2x.png */ = {isa = PBXFileReference; lastKnownFileType = image.png; name = "Icon@2x.png"; path = "mtnnxls/Icon@2x.png"; sourceTree = "<group>"; };
		3DA903DB179ABE8F006C2EF2 /* Default-568h@2x.png */ = {isa = PBXFileReference; lastKnownFileType = image.png; path = "Default-568h@2x.png"; sourceTree = "<group>"; };
		DE9798CC14BC83C1006E5AC2 /* libiconv.dylib */ = {isa = PBXFileReference; lastKnownFileType = "compiled.mach-o.dylib"; name = libiconv.dylib; path = usr/lib/libiconv.dylib; sourceTree = SDKROOT; };
		DEB78B7014BC7D4400845894 /* mtnn.app */ = {isa = PBXFileReference; explicitFileType = wrapper.application; includeInIndex = 0; path = mtnn.app; sourceTree = BUILT_PRODUCTS_DIR; };
		DEB78B7414BC7D4400845894 /* UIKit.framework */ = {isa = PBXFileReference; lastKnownFileType = wrapper.framework; name = UIKit.framework; path = System/Library/Frameworks/UIKit.framework; sourceTree = SDKROOT; };
		DEB78B7614BC7D4400845894 /* Foundation.framework */ = {isa = PBXFileReference; lastKnownFileType = wrapper.framework; name = Foundation.framework; path = System/Library/Frameworks/Foundation.framework; sourceTree = SDKROOT; };
		DEB78B7814BC7D4400845894 /* CoreGraphics.framework */ = {isa = PBXFileReference; lastKnownFileType = wrapper.framework; name = CoreGraphics.framework; path = System/Library/Frameworks/CoreGraphics.framework; sourceTree = SDKROOT; };
		DEB78B9514BC7D9600845894 /* DHxlsReaderIOS.xcodeproj */ = {isa = PBXFileReference; lastKnownFileType = "wrapper.pb-project"; path = DHxlsReaderIOS.xcodeproj; sourceTree = "<group>"; };
		DEF79AD316E8E60F00E4B803 /* README.md */ = {isa = PBXFileReference; fileEncoding = 4; lastKnownFileType = text; path = README.md; sourceTree = "<group>"; };
/* End PBXFileReference section */

/* Begin PBXFrameworksBuildPhase section */
		DEB78B6D14BC7D4400845894 /* Frameworks */ = {
			isa = PBXFrameworksBuildPhase;
			buildActionMask = 2147483647;
			files = (
				14804D351B38416600F42845 /* libiconv.dylib in Frameworks */,
				144FCB191B2D8DAE006EFD13 /* QuartzCore.framework in Frameworks */,
				DE9798C814BC8349006E5AC2 /* libDHxlsReaderIOS.a in Frameworks */,
				DEB78B7514BC7D4400845894 /* UIKit.framework in Frameworks */,
				DEB78B7714BC7D4400845894 /* Foundation.framework in Frameworks */,
				DEB78B7914BC7D4400845894 /* CoreGraphics.framework in Frameworks */,
			);
			runOnlyForDeploymentPostprocessing = 0;
		};
/* End PBXFrameworksBuildPhase section */

/* Begin PBXGroup section */
		144FCAFF1B2D5B92006EFD13 /* Resouce */ = {
			isa = PBXGroup;
			children = (
				144FCB071B2D5E4A006EFD13 /* Document.xls */,
				DEF79AD316E8E60F00E4B803 /* README.md */,
				3DA903DB179ABE8F006C2EF2 /* Default-568h@2x.png */,
				14C764781B3BDBF5000B1AE8 /* MtnnCoordinates.plist */,
				14D8DC0A1B3C47CD005DA3F8 /* ItemGotList.plist */,
			);
			name = Resouce;
			sourceTree = "<group>";
		};
		144FCB001B2D5BA4006EFD13 /* Classes */ = {
			isa = PBXGroup;
			children = (
				14C741431B37BAE4006A6B27 /* View */,
				144FCB0F1B2D8255006EFD13 /* CustomSystemUI */,
				144FCB011B2D5BBA006EFD13 /* Model */,
				144FCAED1B2D5ABF006EFD13 /* ViewController.h */,
				144FCAEC1B2D5ABF006EFD13 /* ViewController.m */,
				144FCAF21B2D5ACC006EFD13 /* ViewController.xib */,
				14D8DC0D1B3C4E84005DA3F8 /* MtnnDetailViewController.h */,
				14D8DC0E1B3C4E84005DA3F8 /* MtnnDetailViewController.m */,
			);
			name = Classes;
			sourceTree = "<group>";
		};
		144FCB011B2D5BBA006EFD13 /* Model */ = {
			isa = PBXGroup;
			children = (
				144FCB031B2D5C03006EFD13 /* MtnnDataManager.h */,
				144FCB021B2D5C03006EFD13 /* MtnnDataManager.m */,
				144FCB091B2D6350006EFD13 /* MtnnItem.h */,
				144FCB0A1B2D6350006EFD13 /* MtnnItem.m */,
				144FCB0C1B2D6BD4006EFD13 /* MtnnPageSheetStore.h */,
				144FCB0D1B2D6BD4006EFD13 /* MtnnPageSheetStore.m */,
			);
			name = Model;
			sourceTree = "<group>";
		};
		144FCB0F1B2D8255006EFD13 /* CustomSystemUI */ = {
			isa = PBXGroup;
			children = (
				144FCB161B2D8428006EFD13 /* DataPickerDataSource.h */,
				144FCB171B2D8429006EFD13 /* DataPickerDelegate.h */,
				144FCB131B2D835F006EFD13 /* DataPickerView.m */,
				144FCB141B2D835F006EFD13 /* DataPickerView.h */,
				144FCB101B2D8289006EFD13 /* UIBarButtonItem+CustomButton.h */,
				144FCB111B2D8289006EFD13 /* UIBarButtonItem+CustomButton.m */,
			);
			name = CustomSystemUI;
			sourceTree = "<group>";
		};
		14C741431B37BAE4006A6B27 /* View */ = {
			isa = PBXGroup;
			children = (
				14C741441B37BB06006A6B27 /* MtnnFilterView.h */,
				14C741451B37BB06006A6B27 /* MtnnFilterView.m */,
				1473C92E1B37E00900B1A1EB /* MtnnContentCell.h */,
				1473C92F1B37E00900B1A1EB /* MtnnContentCell.m */,
				14D8DC101B3C5165005DA3F8 /* MtnnGotStatusCell.h */,
				14D8DC111B3C5165005DA3F8 /* MtnnGotStatusCell.m */,
			);
			name = View;
			sourceTree = "<group>";
		};
		DEB78B6514BC7D4400845894 = {
			isa = PBXGroup;
			children = (
				14DBF0781B4120AE008882FB /* Icon@2x.png */,
				144FCB001B2D5BA4006EFD13 /* Classes */,
				144FCAFF1B2D5B92006EFD13 /* Resouce */,
				DEB78B7A14BC7D4400845894 /* mtnnxls */,
				DEB78B7314BC7D4400845894 /* Frameworks */,
				DEB78B7114BC7D4400845894 /* Products */,
				DEB78B9514BC7D9600845894 /* DHxlsReaderIOS.xcodeproj */,
			);
			sourceTree = "<group>";
		};
		DEB78B7114BC7D4400845894 /* Products */ = {
			isa = PBXGroup;
			children = (
				DEB78B7014BC7D4400845894 /* mtnn.app */,
			);
			name = Products;
			sourceTree = "<group>";
		};
		DEB78B7314BC7D4400845894 /* Frameworks */ = {
			isa = PBXGroup;
			children = (
				14C17A5A1B38406F0004AB64 /* libiconv.tbd */,
				144FCB181B2D8DAE006EFD13 /* QuartzCore.framework */,
				DE9798CC14BC83C1006E5AC2 /* libiconv.dylib */,
				DEB78B7414BC7D4400845894 /* UIKit.framework */,
				DEB78B7614BC7D4400845894 /* Foundation.framework */,
				DEB78B7814BC7D4400845894 /* CoreGraphics.framework */,
			);
			name = Frameworks;
			sourceTree = "<group>";
		};
		DEB78B7A14BC7D4400845894 /* mtnnxls */ = {
			isa = PBXGroup;
			children = (
				144FCAEF1B2D5ABF006EFD13 /* AppDelegate.h */,
				144FCAEE1B2D5ABF006EFD13 /* AppDelegate.m */,
				DEB78B7B14BC7D4400845894 /* Supporting Files */,
			);
			name = mtnnxls;
			path = TestDHlibxls;
			sourceTree = "<group>";
		};
		DEB78B7B14BC7D4400845894 /* Supporting Files */ = {
			isa = PBXGroup;
			children = (
				144FCAF81B2D5AF8006EFD13 /* mtnn-Prefix.pch */,
				144FCAF91B2D5AF8006EFD13 /* main.m */,
				144FCAFB1B2D5AF8006EFD13 /* mtnn-Info.plist */,
				144FCAF51B2D5AEB006EFD13 /* InfoPlist.strings */,
			);
			name = "Supporting Files";
			sourceTree = "<group>";
		};
		DEB78B9614BC7D9600845894 /* Products */ = {
			isa = PBXGroup;
			children = (
				DEB78B9A14BC7D9700845894 /* libDHxlsReaderIOS.a */,
				3DA903E5179AC8B7006C2EF2 /* libDHxlsReader.a */,
			);
			name = Products;
			sourceTree = "<group>";
		};
/* End PBXGroup section */

/* Begin PBXNativeTarget section */
		DEB78B6F14BC7D4400845894 /* mtnn */ = {
			isa = PBXNativeTarget;
			buildConfigurationList = DEB78B8E14BC7D4400845894 /* Build configuration list for PBXNativeTarget "mtnn" */;
			buildPhases = (
				DEB78B6C14BC7D4400845894 /* Sources */,
				DEB78B6D14BC7D4400845894 /* Frameworks */,
				DEB78B6E14BC7D4400845894 /* Resources */,
				DE9798C714BC800C006E5AC2 /* CopyFiles */,
			);
			buildRules = (
			);
			dependencies = (
				DEB78BA814BC7E8700845894 /* PBXTargetDependency */,
			);
			name = mtnn;
			productName = TestDHlibxls;
			productReference = DEB78B7014BC7D4400845894 /* mtnn.app */;
			productType = "com.apple.product-type.application";
		};
/* End PBXNativeTarget section */

/* Begin PBXProject section */
		DEB78B6714BC7D4400845894 /* Project object */ = {
			isa = PBXProject;
			attributes = {
				LastUpgradeCheck = 0440;
				TargetAttributes = {
					DEB78B6F14BC7D4400845894 = {
						DevelopmentTeam = 6PMV362W4P;
					};
				};
			};
			buildConfigurationList = DEB78B6A14BC7D4400845894 /* Build configuration list for PBXProject "mtnn" */;
			compatibilityVersion = "Xcode 3.2";
			developmentRegion = English;
			hasScannedForEncodings = 0;
			knownRegions = (
				en,
			);
			mainGroup = DEB78B6514BC7D4400845894;
			productRefGroup = DEB78B7114BC7D4400845894 /* Products */;
			projectDirPath = "";
			projectReferences = (
				{
					ProductGroup = DEB78B9614BC7D9600845894 /* Products */;
					ProjectRef = DEB78B9514BC7D9600845894 /* DHxlsReaderIOS.xcodeproj */;
				},
			);
			projectRoot = "";
			targets = (
				DEB78B6F14BC7D4400845894 /* mtnn */,
			);
		};
/* End PBXProject section */

/* Begin PBXReferenceProxy section */
		3DA903E5179AC8B7006C2EF2 /* libDHxlsReader.a */ = {
			isa = PBXReferenceProxy;
			fileType = archive.ar;
			path = libDHxlsReader.a;
			remoteRef = 3DA903E4179AC8B7006C2EF2 /* PBXContainerItemProxy */;
			sourceTree = BUILT_PRODUCTS_DIR;
		};
		DEB78B9A14BC7D9700845894 /* libDHxlsReaderIOS.a */ = {
			isa = PBXReferenceProxy;
			fileType = archive.ar;
			path = libDHxlsReaderIOS.a;
			remoteRef = DEB78B9914BC7D9700845894 /* PBXContainerItemProxy */;
			sourceTree = BUILT_PRODUCTS_DIR;
		};
/* End PBXReferenceProxy section */

/* Begin PBXResourcesBuildPhase section */
		DEB78B6E14BC7D4400845894 /* Resources */ = {
			isa = PBXResourcesBuildPhase;
			buildActionMask = 2147483647;
			files = (
				144FCB081B2D5E4A006EFD13 /* Document.xls in Resources */,
				DEF79AD416E8E60F00E4B803 /* README.md in Resources */,
				144FCAF71B2D5AEB006EFD13 /* InfoPlist.strings in Resources */,
				14D8DC0B1B3C47CD005DA3F8 /* ItemGotList.plist in Resources */,
				144FCAFE1B2D5AF8006EFD13 /* mtnn-Info.plist in Resources */,
				3DA903DC179ABE8F006C2EF2 /* Default-568h@2x.png in Resources */,
				14C764791B3BDBF5000B1AE8 /* MtnnCoordinates.plist in Resources */,
				144FCAF41B2D5ACC006EFD13 /* ViewController.xib in Resources */,
				14DBF0791B4120AE008882FB /* Icon@2x.png in Resources */,
			);
			runOnlyForDeploymentPostprocessing = 0;
		};
/* End PBXResourcesBuildPhase section */

/* Begin PBXSourcesBuildPhase section */
		DEB78B6C14BC7D4400845894 /* Sources */ = {
			isa = PBXSourcesBuildPhase;
			buildActionMask = 2147483647;
			files = (
				144FCAF01B2D5ABF006EFD13 /* ViewController.m in Sources */,
				144FCAFC1B2D5AF8006EFD13 /* main.m in Sources */,
				144FCB041B2D5C03006EFD13 /* MtnnDataManager.m in Sources */,
				144FCB121B2D8289006EFD13 /* UIBarButtonItem+CustomButton.m in Sources */,
				1473C9301B37E00900B1A1EB /* MtnnContentCell.m in Sources */,
				14D8DC121B3C5165005DA3F8 /* MtnnGotStatusCell.m in Sources */,
				144FCB0E1B2D6BD4006EFD13 /* MtnnPageSheetStore.m in Sources */,
				144FCB0B1B2D6350006EFD13 /* MtnnItem.m in Sources */,
				144FCB151B2D835F006EFD13 /* DataPickerView.m in Sources */,
				14D8DC0F1B3C4E84005DA3F8 /* MtnnDetailViewController.m in Sources */,
				144FCAF11B2D5ABF006EFD13 /* AppDelegate.m in Sources */,
				14C741461B37BB06006A6B27 /* MtnnFilterView.m in Sources */,
			);
			runOnlyForDeploymentPostprocessing = 0;
		};
/* End PBXSourcesBuildPhase section */

/* Begin PBXTargetDependency section */
		DEB78BA814BC7E8700845894 /* PBXTargetDependency */ = {
			isa = PBXTargetDependency;
			name = DHxlsReaderIOS;
			targetProxy = DEB78BA714BC7E8700845894 /* PBXContainerItemProxy */;
		};
/* End PBXTargetDependency section */

/* Begin PBXVariantGroup section */
		144FCAF21B2D5ACC006EFD13 /* ViewController.xib */ = {
			isa = PBXVariantGroup;
			children = (
				144FCAF31B2D5ACC006EFD13 /* en */,
			);
			name = ViewController.xib;
			path = TestDHlibxls;
			sourceTree = "<group>";
		};
		144FCAF51B2D5AEB006EFD13 /* InfoPlist.strings */ = {
			isa = PBXVariantGroup;
			children = (
				144FCAF61B2D5AEB006EFD13 /* en */,
			);
			name = InfoPlist.strings;
			sourceTree = "<group>";
		};
/* End PBXVariantGroup section */

/* Begin XCBuildConfiguration section */
		DE97994314BCD581006E5AC2 /* Distribution */ = {
			isa = XCBuildConfiguration;
			buildSettings = {
				ALWAYS_SEARCH_USER_PATHS = NO;
				ARCHS = "$(ARCHS_STANDARD_32_BIT)";
				CLANG_ENABLE_OBJC_ARC = YES;
				CODE_SIGN_IDENTITY = "iPhone Developer: qy wang (P5YXH46ND6)";
				"CODE_SIGN_IDENTITY[sdk=iphoneos*]" = "iPhone Developer: qy wang (P5YXH46ND6)";
				GCC_C_LANGUAGE_STANDARD = c99;
				GCC_ENABLE_OBJC_EXCEPTIONS = NO;
				GCC_WARN_ABOUT_MISSING_PROTOTYPES = YES;
				GCC_WARN_ABOUT_RETURN_TYPE = YES;
				GCC_WARN_UNUSED_VARIABLE = YES;
				HEADER_SEARCH_PATHS = DHxlsReader;
				IPHONEOS_DEPLOYMENT_TARGET = 8.0;
				OTHER_CFLAGS = "-DNS_BLOCK_ASSERTIONS=1";
				PROVISIONING_PROFILE = "0029cf6c-bd33-4e66-b12d-7996c4a86eaa";
				SDKROOT = iphoneos;
				VALIDATE_PRODUCT = YES;
			};
			name = Distribution;
		};
		DE97994414BCD581006E5AC2 /* Distribution */ = {
			isa = XCBuildConfiguration;
			buildSettings = {
				CODE_SIGN_IDENTITY = "iPhone Developer: qy wang (P5YXH46ND6)";
				GCC_OPTIMIZATION_LEVEL = 0;
				GCC_PRECOMPILE_PREFIX_HEADER = YES;
				GCC_PREFIX_HEADER = "mtnnxls/mtnn-Prefix.pch";
				INFOPLIST_FILE = "mtnnxls/mtnn-Info.plist";
				IPHONEOS_DEPLOYMENT_TARGET = 8.0;
				PRODUCT_NAME = mtnn;
				PROVISIONING_PROFILE = "0029cf6c-bd33-4e66-b12d-7996c4a86eaa";
				WRAPPER_EXTENSION = app;
			};
			name = Distribution;
		};
		DEB78B8C14BC7D4400845894 /* Debug */ = {
			isa = XCBuildConfiguration;
			buildSettings = {
				ALWAYS_SEARCH_USER_PATHS = NO;
				ARCHS = "$(ARCHS_STANDARD_32_BIT)";
				CLANG_ENABLE_OBJC_ARC = YES;
				CODE_SIGN_IDENTITY = "iPhone Developer: qy wang (P5YXH46ND6)";
				"CODE_SIGN_IDENTITY[sdk=iphoneos*]" = "iPhone Developer: qy wang (P5YXH46ND6)";
				GCC_C_LANGUAGE_STANDARD = c99;
				GCC_DYNAMIC_NO_PIC = NO;
				GCC_ENABLE_OBJC_EXCEPTIONS = NO;
				GCC_PREPROCESSOR_DEFINITIONS = (
					"DEBUG=1",
					"$(inherited)",
				);
				GCC_WARN_ABOUT_MISSING_PROTOTYPES = YES;
				GCC_WARN_ABOUT_RETURN_TYPE = YES;
				GCC_WARN_UNUSED_VARIABLE = YES;
				HEADER_SEARCH_PATHS = DHxlsReader;
				IPHONEOS_DEPLOYMENT_TARGET = 8.0;
				PROVISIONING_PROFILE = "0029cf6c-bd33-4e66-b12d-7996c4a86eaa";
				SDKROOT = iphoneos;
			};
			name = Debug;
		};
		DEB78B8D14BC7D4400845894 /* Release */ = {
			isa = XCBuildConfiguration;
			buildSettings = {
				ALWAYS_SEARCH_USER_PATHS = NO;
				ARCHS = "$(ARCHS_STANDARD_32_BIT)";
				CLANG_ENABLE_OBJC_ARC = YES;
				CODE_SIGN_IDENTITY = "iPhone Developer: qy wang (P5YXH46ND6)";
				"CODE_SIGN_IDENTITY[sdk=iphoneos*]" = "iPhone Developer: qy wang (P5YXH46ND6)";
				GCC_C_LANGUAGE_STANDARD = c99;
				GCC_ENABLE_OBJC_EXCEPTIONS = NO;
				GCC_WARN_ABOUT_MISSING_PROTOTYPES = YES;
				GCC_WARN_ABOUT_RETURN_TYPE = YES;
				GCC_WARN_UNUSED_VARIABLE = YES;
				HEADER_SEARCH_PATHS = DHxlsReader;
				IPHONEOS_DEPLOYMENT_TARGET = 8.0;
				OTHER_CFLAGS = "-DNS_BLOCK_ASSERTIONS=1";
				PROVISIONING_PROFILE = "0029cf6c-bd33-4e66-b12d-7996c4a86eaa";
				SDKROOT = iphoneos;
				VALIDATE_PRODUCT = YES;
			};
			name = Release;
		};
		DEB78B8F14BC7D4400845894 /* Debug */ = {
			isa = XCBuildConfiguration;
			buildSettings = {
				CODE_SIGN_IDENTITY = "iPhone Developer: qy wang (P5YXH46ND6)";
				GCC_OPTIMIZATION_LEVEL = 0;
				GCC_PRECOMPILE_PREFIX_HEADER = YES;
				GCC_PREFIX_HEADER = "mtnnxls/mtnn-Prefix.pch";
				INFOPLIST_FILE = "mtnnxls/mtnn-Info.plist";
				IPHONEOS_DEPLOYMENT_TARGET = 8.0;
				PRODUCT_NAME = mtnn;
				PROVISIONING_PROFILE = "0029cf6c-bd33-4e66-b12d-7996c4a86eaa";
				WRAPPER_EXTENSION = app;
			};
			name = Debug;
		};
		DEB78B9014BC7D4400845894 /* Release */ = {
			isa = XCBuildConfiguration;
			buildSettings = {
				CODE_SIGN_IDENTITY = "iPhone Developer: qy wang (P5YXH46ND6)";
				GCC_OPTIMIZATION_LEVEL = 0;
				GCC_PRECOMPILE_PREFIX_HEADER = YES;
				GCC_PREFIX_HEADER = "mtnnxls/mtnn-Prefix.pch";
				INFOPLIST_FILE = "mtnnxls/mtnn-Info.plist";
				IPHONEOS_DEPLOYMENT_TARGET = 8.0;
				PRODUCT_NAME = mtnn;
				PROVISIONING_PROFILE = "0029cf6c-bd33-4e66-b12d-7996c4a86eaa";
				WRAPPER_EXTENSION = app;
			};
			name = Release;
		};
/* End XCBuildConfiguration section */

/* Begin XCConfigurationList section */
		DEB78B6A14BC7D4400845894 /* Build configuration list for PBXProject "mtnn" */ = {
			isa = XCConfigurationList;
			buildConfigurations = (
				DEB78B8C14BC7D4400845894 /* Debug */,
				DEB78B8D14BC7D4400845894 /* Release */,
				DE97994314BCD581006E5AC2 /* Distribution */,
			);
			defaultConfigurationIsVisible = 0;
			defaultConfigurationName = Release;
		};
		DEB78B8E14BC7D4400845894 /* Build configuration list for PBXNativeTarget "mtnn" */ = {
			isa = XCConfigurationList;
			buildConfigurations = (
				DEB78B8F14BC7D4400845894 /* Debug */,
				DEB78B9014BC7D4400845894 /* Release */,
				DE97994414BCD581006E5AC2 /* Distribution */,
			);
			defaultConfigurationIsVisible = 0;
			defaultConfigurationName = Release;
		};
/* End XCConfigurationList section */
	};
	rootObject = DEB78B6714BC7D4400845894 /* Project object */;
}
